
Microsoft Visual Studio Solution File, Format Version 12.00
# Visual Studio Version 17
VisualStudioVersion = 17.3.32929.385
MinimumVisualStudioVersion = 10.0.40219.1
Project("{2150E333-8FDC-42A3-9474-1A3956D46DE8}") = "Session-01", "Session-01", "{D2FCC5C9-289E-4A44-B3B2-D88C0C63EE8E}"
EndProject
Project("{2150E333-8FDC-42A3-9474-1A3956D46DE8}") = "Session-02", "Session-02", "{74D026BC-D156-413E-8483-E5F184A40BE7}"
EndProject
Project("{2150E333-8FDC-42A3-9474-1A3956D46DE8}") = "Session-03", "Session-03", "{97277097-86A8-4982-A0F9-A42065AC1710}"
EndProject
Project("{9A19103F-16F7-4668-BE54-9A1E7A4F7556}") = "CompositionVsInheritance", "src\CompositionVsInheritance\CompositionVsInheritance.csproj", "{370ED857-8E34-459F-BB38-50B19E0247C8}"
EndProject
Project("{9A19103F-16F7-4668-BE54-9A1E7A4F7556}") = "CompositeSpecification", "src\CompositeSpecification\CompositeSpecification.csproj", "{84EED08E-0AB3-4B28-AE44-86FB20651621}"
EndProject
Project("{9A19103F-16F7-4668-BE54-9A1E7A4F7556}") = "Composite", "src\Composite\Composite.csproj", "{CE023A39-C449-41C7-AA76-094715F7FA22}"
EndProject
Project("{9A19103F-16F7-4668-BE54-9A1E7A4F7556}") = "Builder", "src\Builder\Builder.csproj", "{83458AFF-28F7-4095-9BB7-E24563150CE3}"
EndProject
Project("{9A19103F-16F7-4668-BE54-9A1E7A4F7556}") = "CompositeWithBuilder", "src\CompositeWithBuilder\CompositeWithBuilder.csproj", "{6D8CDE90-3B3F-4CC5-A9EA-D81876E653A8}"
EndProject
Project("{2150E333-8FDC-42A3-9474-1A3956D46DE8}") = "Session-05", "Session-05", "{56263AD3-8E1B-434E-90E9-9F07419C8016}"
EndProject
Project("{9A19103F-16F7-4668-BE54-9A1E7A4F7556}") = "Visitor", "src\Visitor\Visitor.csproj", "{9356BAB5-AC3A-405F-A486-1C27C046884B}"
EndProject
Project("{2150E333-8FDC-42A3-9474-1A3956D46DE8}") = "Session-06", "Session-06", "{6568CD80-E05D-4B1F-BADA-F1016605BE05}"
EndProject
Project("{2150E333-8FDC-42A3-9474-1A3956D46DE8}") = "Session-07", "Session-07", "{E577DB7C-32A1-4763-A663-D6B3C7D61B21}"
EndProject
Project("{9A19103F-16F7-4668-BE54-9A1E7A4F7556}") = "Strategy", "src\Strategy\Strategy.csproj", "{96E46466-FF25-4791-AB4E-0E02157F7D3D}"
EndProject
Project("{9A19103F-16F7-4668-BE54-9A1E7A4F7556}") = "Adapter", "src\Adapter\Adapter.csproj", "{AC472377-FA0F-4D66-91A7-3A0905A34485}"
EndProject
Project("{9A19103F-16F7-4668-BE54-9A1E7A4F7556}") = "Iterator", "src\Iterator\Iterator.csproj", "{E35D2903-24B1-40CD-B41D-E924A43B778E}"
EndProject
Project("{9A19103F-16F7-4668-BE54-9A1E7A4F7556}") = "IteratorComposite", "src\IteratorComposite\IteratorComposite.csproj", "{038F421D-1A42-4432-8E6F-7CCA5B2EC744}"
EndProject
Project("{9A19103F-16F7-4668-BE54-9A1E7A4F7556}") = "ChainOfResponsibility", "src\ChainOfResponsibility\ChainOfResponsibility.csproj", "{AFDC274F-349A-4AE0-9046-C693ED61700E}"
EndProject
Project("{2150E333-8FDC-42A3-9474-1A3956D46DE8}") = "Session-05-01", "Session-05-01", "{80E1D05F-900B-4AE0-93C6-795B8782048A}"
EndProject
Project("{FAE04EC0-301F-11D3-BF4B-00C04F79EFBC}") = "CompositeVisitor", "src\CompositeVisitor\CompositeVisitor.csproj", "{A4169618-C948-4DB0-802B-EDC83F822629}"
EndProject
Global
	GlobalSection(SolutionConfigurationPlatforms) = preSolution
		Debug|Any CPU = Debug|Any CPU
		Release|Any CPU = Release|Any CPU
	EndGlobalSection
	GlobalSection(ProjectConfigurationPlatforms) = postSolution
		{370ED857-8E34-459F-BB38-50B19E0247C8}.Debug|Any CPU.ActiveCfg = Debug|Any CPU
		{370ED857-8E34-459F-BB38-50B19E0247C8}.Debug|Any CPU.Build.0 = Debug|Any CPU
		{370ED857-8E34-459F-BB38-50B19E0247C8}.Release|Any CPU.ActiveCfg = Release|Any CPU
		{370ED857-8E34-459F-BB38-50B19E0247C8}.Release|Any CPU.Build.0 = Release|Any CPU
		{84EED08E-0AB3-4B28-AE44-86FB20651621}.Debug|Any CPU.ActiveCfg = Debug|Any CPU
		{84EED08E-0AB3-4B28-AE44-86FB20651621}.Debug|Any CPU.Build.0 = Debug|Any CPU
		{84EED08E-0AB3-4B28-AE44-86FB20651621}.Release|Any CPU.ActiveCfg = Release|Any CPU
		{84EED08E-0AB3-4B28-AE44-86FB20651621}.Release|Any CPU.Build.0 = Release|Any CPU
		{CE023A39-C449-41C7-AA76-094715F7FA22}.Debug|Any CPU.ActiveCfg = Debug|Any CPU
		{CE023A39-C449-41C7-AA76-094715F7FA22}.Debug|Any CPU.Build.0 = Debug|Any CPU
		{CE023A39-C449-41C7-AA76-094715F7FA22}.Release|Any CPU.ActiveCfg = Release|Any CPU
		{CE023A39-C449-41C7-AA76-094715F7FA22}.Release|Any CPU.Build.0 = Release|Any CPU
		{83458AFF-28F7-4095-9BB7-E24563150CE3}.Debug|Any CPU.ActiveCfg = Debug|Any CPU
		{83458AFF-28F7-4095-9BB7-E24563150CE3}.Debug|Any CPU.Build.0 = Debug|Any CPU
		{83458AFF-28F7-4095-9BB7-E24563150CE3}.Release|Any CPU.ActiveCfg = Release|Any CPU
		{83458AFF-28F7-4095-9BB7-E24563150CE3}.Release|Any CPU.Build.0 = Release|Any CPU
		{6D8CDE90-3B3F-4CC5-A9EA-D81876E653A8}.Debug|Any CPU.ActiveCfg = Debug|Any CPU
		{6D8CDE90-3B3F-4CC5-A9EA-D81876E653A8}.Debug|Any CPU.Build.0 = Debug|Any CPU
		{6D8CDE90-3B3F-4CC5-A9EA-D81876E653A8}.Release|Any CPU.ActiveCfg = Release|Any CPU
		{6D8CDE90-3B3F-4CC5-A9EA-D81876E653A8}.Release|Any CPU.Build.0 = Release|Any CPU
		{9356BAB5-AC3A-405F-A486-1C27C046884B}.Debug|Any CPU.ActiveCfg = Debug|Any CPU
		{9356BAB5-AC3A-405F-A486-1C27C046884B}.Debug|Any CPU.Build.0 = Debug|Any CPU
		{9356BAB5-AC3A-405F-A486-1C27C046884B}.Release|Any CPU.ActiveCfg = Release|Any CPU
		{9356BAB5-AC3A-405F-A486-1C27C046884B}.Release|Any CPU.Build.0 = Release|Any CPU
		{96E46466-FF25-4791-AB4E-0E02157F7D3D}.Debug|Any CPU.ActiveCfg = Debug|Any CPU
		{96E46466-FF25-4791-AB4E-0E02157F7D3D}.Debug|Any CPU.Build.0 = Debug|Any CPU
		{96E46466-FF25-4791-AB4E-0E02157F7D3D}.Release|Any CPU.ActiveCfg = Release|Any CPU
		{96E46466-FF25-4791-AB4E-0E02157F7D3D}.Release|Any CPU.Build.0 = Release|Any CPU
		{AC472377-FA0F-4D66-91A7-3A0905A34485}.Debug|Any CPU.ActiveCfg = Debug|Any CPU
		{AC472377-FA0F-4D66-91A7-3A0905A34485}.Debug|Any CPU.Build.0 = Debug|Any CPU
		{AC472377-FA0F-4D66-91A7-3A0905A34485}.Release|Any CPU.ActiveCfg = Release|Any CPU
		{AC472377-FA0F-4D66-91A7-3A0905A34485}.Release|Any CPU.Build.0 = Release|Any CPU
		{E35D2903-24B1-40CD-B41D-E924A43B778E}.Debug|Any CPU.ActiveCfg = Debug|Any CPU
		{E35D2903-24B1-40CD-B41D-E924A43B778E}.Debug|Any CPU.Build.0 = Debug|Any CPU
		{E35D2903-24B1-40CD-B41D-E924A43B778E}.Release|Any CPU.ActiveCfg = Release|Any CPU
		{E35D2903-24B1-40CD-B41D-E924A43B778E}.Release|Any CPU.Build.0 = Release|Any CPU
		{038F421D-1A42-4432-8E6F-7CCA5B2EC744}.Debug|Any CPU.ActiveCfg = Debug|Any CPU
		{038F421D-1A42-4432-8E6F-7CCA5B2EC744}.Debug|Any CPU.Build.0 = Debug|Any CPU
		{038F421D-1A42-4432-8E6F-7CCA5B2EC744}.Release|Any CPU.ActiveCfg = Release|Any CPU
		{038F421D-1A42-4432-8E6F-7CCA5B2EC744}.Release|Any CPU.Build.0 = Release|Any CPU
		{AFDC274F-349A-4AE0-9046-C693ED61700E}.Debug|Any CPU.ActiveCfg = Debug|Any CPU
		{AFDC274F-349A-4AE0-9046-C693ED61700E}.Debug|Any CPU.Build.0 = Debug|Any CPU
		{AFDC274F-349A-4AE0-9046-C693ED61700E}.Release|Any CPU.ActiveCfg = Release|Any CPU
		{AFDC274F-349A-4AE0-9046-C693ED61700E}.Release|Any CPU.Build.0 = Release|Any CPU
		{A4169618-C948-4DB0-802B-EDC83F822629}.Debug|Any CPU.ActiveCfg = Debug|Any CPU
		{A4169618-C948-4DB0-802B-EDC83F822629}.Debug|Any CPU.Build.0 = Debug|Any CPU
		{A4169618-C948-4DB0-802B-EDC83F822629}.Release|Any CPU.ActiveCfg = Release|Any CPU
		{A4169618-C948-4DB0-802B-EDC83F822629}.Release|Any CPU.Build.0 = Release|Any CPU
	EndGlobalSection
	GlobalSection(SolutionProperties) = preSolution
		HideSolutionNode = FALSE
	EndGlobalSection
	GlobalSection(NestedProjects) = preSolution
		{370ED857-8E34-459F-BB38-50B19E0247C8} = {D2FCC5C9-289E-4A44-B3B2-D88C0C63EE8E}
		{84EED08E-0AB3-4B28-AE44-86FB20651621} = {74D026BC-D156-413E-8483-E5F184A40BE7}
		{CE023A39-C449-41C7-AA76-094715F7FA22} = {74D026BC-D156-413E-8483-E5F184A40BE7}
		{83458AFF-28F7-4095-9BB7-E24563150CE3} = {97277097-86A8-4982-A0F9-A42065AC1710}
		{6D8CDE90-3B3F-4CC5-A9EA-D81876E653A8} = {97277097-86A8-4982-A0F9-A42065AC1710}
		{9356BAB5-AC3A-405F-A486-1C27C046884B} = {56263AD3-8E1B-434E-90E9-9F07419C8016}
		{96E46466-FF25-4791-AB4E-0E02157F7D3D} = {6568CD80-E05D-4B1F-BADA-F1016605BE05}
		{AC472377-FA0F-4D66-91A7-3A0905A34485} = {6568CD80-E05D-4B1F-BADA-F1016605BE05}
		{E35D2903-24B1-40CD-B41D-E924A43B778E} = {E577DB7C-32A1-4763-A663-D6B3C7D61B21}
		{038F421D-1A42-4432-8E6F-7CCA5B2EC744} = {E577DB7C-32A1-4763-A663-D6B3C7D61B21}
		{AFDC274F-349A-4AE0-9046-C693ED61700E} = {E577DB7C-32A1-4763-A663-D6B3C7D61B21}
		{A4169618-C948-4DB0-802B-EDC83F822629} = {80E1D05F-900B-4AE0-93C6-795B8782048A}
	EndGlobalSection
	GlobalSection(ExtensibilityGlobals) = postSolution
		SolutionGuid = {DE6A5418-8A3F-4203-900F-6541563762E2}
	EndGlobalSection
EndGlobal
